
Microsoft Visual Studio Solution File, Format Version 12.00
# Visual Studio Version 17
VisualStudioVersion = 17.13.35825.156
MinimumVisualStudioVersion = 10.0.40219.1
Project("{FAE04EC0-301F-11D3-BF4B-00C04F79EFBC}") = "CreditFormApp", "ProiectPAW\CreditFormApp.csproj", "{F3662639-9E0F-46E1-A601-C716F44720C5}"
EndProject
Global
	GlobalSection(SolutionConfigurationPlatforms) = preSolution
		Debug|Any CPU = Debug|Any CPU
		Release|Any CPU = Release|Any CPU
	EndGlobalSection
	GlobalSection(ProjectConfigurationPlatforms) = postSolution
		{F3662639-9E0F-46E1-A601-C716F44720C5}.Debug|Any CPU.ActiveCfg = Debug|Any CPU
		{F3662639-9E0F-46E1-A601-C716F44720C5}.Debug|Any CPU.Build.0 = Debug|Any CPU
		{F3662639-9E0F-46E1-A601-C716F44720C5}.Release|Any CPU.ActiveCfg = Release|Any CPU
		{F3662639-9E0F-46E1-A601-C716F44720C5}.Release|Any CPU.Build.0 = Release|Any CPU
	EndGlobalSection
	GlobalSection(SolutionProperties) = preSolution
		HideSolutionNode = FALSE
	EndGlobalSection
	GlobalSection(ExtensibilityGlobals) = postSolution
		SolutionGuid = {AF18AC7A-121E-43D2-BD8E-855B69C4D144}
	EndGlobalSection
EndGlobal
